
Microsoft Visual Studio Solution File, Format Version 12.00
# Visual Studio 14
VisualStudioVersion = 14.0.25420.1
MinimumVisualStudioVersion = 10.0.40219.1
Project("{8BC9CEB8-8B4A-11D0-8D11-00A0C91BC942}") = "v_repExtJoystick", "v_repExtJoystick\windowsOnlyProjects\v_repExtJoystick\v_repExtJoystick.vcxproj", "{30A53B8E-E1A6-451C-B3F4-4E1468723FFA}"
EndProject
Global
	GlobalSection(SolutionConfigurationPlatforms) = preSolution
		Debug|x86 = Debug|x86
		Release|x86 = Release|x86
	EndGlobalSection
	GlobalSection(ProjectConfigurationPlatforms) = postSolution
		{30A53B8E-E1A6-451C-B3F4-4E1468723FFA}.Debug|x86.ActiveCfg = Debug|Win32
		{30A53B8E-E1A6-451C-B3F4-4E1468723FFA}.Debug|x86.Build.0 = Debug|Win32
		{30A53B8E-E1A6-451C-B3F4-4E1468723FFA}.Release|x86.ActiveCfg = Release|Win32
		{30A53B8E-E1A6-451C-B3F4-4E1468723FFA}.Release|x86.Build.0 = Release|Win32
	EndGlobalSection
	GlobalSection(SolutionProperties) = preSolution
		HideSolutionNode = FALSE
	EndGlobalSection
EndGlobal
